
Microsoft Visual Studio Solution File, Format Version 12.00
# Visual Studio Version 17
VisualStudioVersion = 17.11.35327.3
MinimumVisualStudioVersion = 10.0.40219.1
Project("{FAE04EC0-301F-11D3-BF4B-00C04F79EFBC}") = "AbstractCodeExample", "AbstractCodeExample\AbstractCodeExample.csproj", "{7E801505-F4F5-451D-A289-66F0A4DAE24B}"
EndProject
Global
	GlobalSection(SolutionConfigurationPlatforms) = preSolution
		Debug|Any CPU = Debug|Any CPU
		Release|Any CPU = Release|Any CPU
	EndGlobalSection
	GlobalSection(ProjectConfigurationPlatforms) = postSolution
		{7E801505-F4F5-451D-A289-66F0A4DAE24B}.Debug|Any CPU.ActiveCfg = Debug|Any CPU
		{7E801505-F4F5-451D-A289-66F0A4DAE24B}.Debug|Any CPU.Build.0 = Debug|Any CPU
		{7E801505-F4F5-451D-A289-66F0A4DAE24B}.Release|Any CPU.ActiveCfg = Release|Any CPU
		{7E801505-F4F5-451D-A289-66F0A4DAE24B}.Release|Any CPU.Build.0 = Release|Any CPU
	EndGlobalSection
	GlobalSection(SolutionProperties) = preSolution
		HideSolutionNode = FALSE
	EndGlobalSection
	GlobalSection(ExtensibilityGlobals) = postSolution
		SolutionGuid = {635A92A6-0984-491E-883F-569BE1B05D33}
	EndGlobalSection
EndGlobal
